{
  "nodes": {
    "nixpkgs": {
      "locked": {
        "lastModified": 1742388435,
        "narHash": "sha256-GheQGRNYAhHsvPxWVOhAmg9lZKkis22UPbEHlmZMthg=",
        "owner": "nixos",
        "repo": "nixpkgs",
        "rev": "b75693fb46bfaf09e662d09ec076c5a162efa9f6",
        "type": "github"
      },
      "original": {
        "owner": "nixos",
        "ref": "nixos-24.11",
        "repo": "nixpkgs",
        "type": "github"
      }
    },
    "root": {
      "inputs": {
        "nixpkgs": "nixpkgs"
      }
    }
  },
  "root": "root",
  "version": 7
}
